
Microsoft Visual Studio Solution File, Format Version 12.00
# Visual Studio Version 17
VisualStudioVersion = 17.11.35125.118
MinimumVisualStudioVersion = 10.0.40219.1
Project("{9A19103F-16F7-4668-BE54-9A1E7A4F7556}") = "AetherLogger", "AetherLogger\AetherLogger.csproj", "{BB03861F-4059-4C80-8E92-D950DA9169F8}"
EndProject
Project("{9A19103F-16F7-4668-BE54-9A1E7A4F7556}") = "AetherLogger.Android", "AetherLogger.Android\AetherLogger.Android.csproj", "{DAB2ABBF-60E8-443C-8039-BBC073B186B8}"
EndProject
Global
	GlobalSection(SolutionConfigurationPlatforms) = preSolution
		Debug|Any CPU = Debug|Any CPU
		Release|Any CPU = Release|Any CPU
	EndGlobalSection
	GlobalSection(ProjectConfigurationPlatforms) = postSolution
		{BB03861F-4059-4C80-8E92-D950DA9169F8}.Debug|Any CPU.ActiveCfg = Debug|Any CPU
		{BB03861F-4059-4C80-8E92-D950DA9169F8}.Debug|Any CPU.Build.0 = Debug|Any CPU
		{BB03861F-4059-4C80-8E92-D950DA9169F8}.Release|Any CPU.ActiveCfg = Release|Any CPU
		{BB03861F-4059-4C80-8E92-D950DA9169F8}.Release|Any CPU.Build.0 = Release|Any CPU
		{DAB2ABBF-60E8-443C-8039-BBC073B186B8}.Debug|Any CPU.ActiveCfg = Debug|Any CPU
		{DAB2ABBF-60E8-443C-8039-BBC073B186B8}.Debug|Any CPU.Build.0 = Debug|Any CPU
		{DAB2ABBF-60E8-443C-8039-BBC073B186B8}.Debug|Any CPU.Deploy.0 = Debug|Any CPU
		{DAB2ABBF-60E8-443C-8039-BBC073B186B8}.Release|Any CPU.ActiveCfg = Release|Any CPU
		{DAB2ABBF-60E8-443C-8039-BBC073B186B8}.Release|Any CPU.Build.0 = Release|Any CPU
		{DAB2ABBF-60E8-443C-8039-BBC073B186B8}.Release|Any CPU.Deploy.0 = Release|Any CPU
	EndGlobalSection
	GlobalSection(SolutionProperties) = preSolution
		HideSolutionNode = FALSE
	EndGlobalSection
	GlobalSection(ExtensibilityGlobals) = postSolution
		SolutionGuid = {98701A5C-927B-4362-ADBB-B0C0C4275584}
	EndGlobalSection
EndGlobal
